
Microsoft Visual Studio Solution File, Format Version 12.00
# Visual Studio Version 17
VisualStudioVersion = 17.4.33122.133
MinimumVisualStudioVersion = 10.0.40219.1
Project("{FAE04EC0-301F-11D3-BF4B-00C04F79EFBC}") = "RestaurantScheduler", "RestaurantScheduler.csproj", "{80DA4800-1288-4CC4-8E7E-28B11305C689}"
EndProject
Global
	GlobalSection(SolutionConfigurationPlatforms) = preSolution
		Debug|Any CPU = Debug|Any CPU
		Release|Any CPU = Release|Any CPU
	EndGlobalSection
	GlobalSection(ProjectConfigurationPlatforms) = postSolution
		{80DA4800-1288-4CC4-8E7E-28B11305C689}.Debug|Any CPU.ActiveCfg = Debug|Any CPU
		{80DA4800-1288-4CC4-8E7E-28B11305C689}.Debug|Any CPU.Build.0 = Debug|Any CPU
		{80DA4800-1288-4CC4-8E7E-28B11305C689}.Release|Any CPU.ActiveCfg = Release|Any CPU
		{80DA4800-1288-4CC4-8E7E-28B11305C689}.Release|Any CPU.Build.0 = Release|Any CPU
	EndGlobalSection
	GlobalSection(SolutionProperties) = preSolution
		HideSolutionNode = FALSE
	EndGlobalSection
	GlobalSection(ExtensibilityGlobals) = postSolution
		SolutionGuid = {6A8F9335-D42C-411C-A32F-9CD541A7E5BD}
	EndGlobalSection
EndGlobal
